
Microsoft Visual Studio Solution File, Format Version 12.00
# Visual Studio Version 16
VisualStudioVersion = 16.0.32106.194
MinimumVisualStudioVersion = 10.0.40219.1
Project("{FAE04EC0-301F-11D3-BF4B-00C04F79EFBC}") = "LearnOpenTK_ALL", "LearnOpenTK_ALL.csproj", "{97E4262F-6CF7-417A-BCEE-7FD8B4109A2D}"
EndProject
Global
	GlobalSection(SolutionConfigurationPlatforms) = preSolution
		Debug|Any CPU = Debug|Any CPU
		Release|Any CPU = Release|Any CPU
	EndGlobalSection
	GlobalSection(ProjectConfigurationPlatforms) = postSolution
		{97E4262F-6CF7-417A-BCEE-7FD8B4109A2D}.Debug|Any CPU.ActiveCfg = Debug|Any CPU
		{97E4262F-6CF7-417A-BCEE-7FD8B4109A2D}.Debug|Any CPU.Build.0 = Debug|Any CPU
		{97E4262F-6CF7-417A-BCEE-7FD8B4109A2D}.Release|Any CPU.ActiveCfg = Release|Any CPU
		{97E4262F-6CF7-417A-BCEE-7FD8B4109A2D}.Release|Any CPU.Build.0 = Release|Any CPU
	EndGlobalSection
	GlobalSection(SolutionProperties) = preSolution
		HideSolutionNode = FALSE
	EndGlobalSection
	GlobalSection(ExtensibilityGlobals) = postSolution
		SolutionGuid = {8F7DB898-7F42-4DBD-BCDA-95C07A788E63}
	EndGlobalSection
EndGlobal
